
Microsoft Visual Studio Solution File, Format Version 12.00
# Visual Studio Version 17
VisualStudioVersion = 17.0.31903.59
MinimumVisualStudioVersion = 10.0.40219.1
Project("{2150E333-8FDC-42A3-9474-1A3956D46DE8}") = "apps", "apps", "{1787FE1D-075E-9E68-7218-25F1BD1BBEAB}"
EndProject
Project("{2150E333-8FDC-42A3-9474-1A3956D46DE8}") = "dashboard", "dashboard", "{BEEBFA7C-7F97-CB0F-CEE6-EE38567484E9}"
EndProject
Project("{FAE04EC0-301F-11D3-BF4B-00C04F79EFBC}") = "PCWachter.Desktop", "apps\desktop\PCWachter.Desktop.csproj", "{D7FD8DAC-E97D-4548-97B0-9E5820A8A222}"
EndProject
Project("{2150E333-8FDC-42A3-9474-1A3956D46DE8}") = "updater", "updater", "{B09F317F-AE18-F3CB-ED30-7E3598C5855A}"
EndProject
Project("{2150E333-8FDC-42A3-9474-1A3956D46DE8}") = "core", "core", "{41E9320C-10C9-B11C-2FDE-B9F11079CC6B}"
EndProject
Project("{FAE04EC0-301F-11D3-BF4B-00C04F79EFBC}") = "UpdateCore", "apps\updater\core\UpdateCore.csproj", "{5380A6BA-0091-48BB-881B-B98F3AFF7745}"
EndProject
Project("{2150E333-8FDC-42A3-9474-1A3956D46DE8}") = "service", "service", "{9A413962-4912-3FCC-6B55-E6E39B50064A}"
EndProject
Project("{FAE04EC0-301F-11D3-BF4B-00C04F79EFBC}") = "AgentService", "apps\service\AgentService.csproj", "{7384806B-7045-41CC-A77B-EE0A78F27743}"
EndProject
Project("{2150E333-8FDC-42A3-9474-1A3956D46DE8}") = "api", "api", "{63F81D7F-3FBF-B746-3CCC-18C5EC63BE1D}"
EndProject
Project("{FAE04EC0-301F-11D3-BF4B-00C04F79EFBC}") = "pcwaechter-agent", "apps\agent\pcwaechter-agent.csproj", "{9A85838C-F51B-430D-B1EC-8F6365164512}"
EndProject
Project("{2150E333-8FDC-42A3-9474-1A3956D46DE8}") = "installer", "installer", "{1860D2E4-5C43-71D5-59A5-599A4DE1DF67}"
EndProject
Project("{2150E333-8FDC-42A3-9474-1A3956D46DE8}") = "bootstrapper", "bootstrapper", "{D5910D0E-B52A-BF0E-6BB2-731D8D70366B}"
EndProject
Project("{FAE04EC0-301F-11D3-BF4B-00C04F79EFBC}") = "InstallerBootstrapper", "installer\bootstrapper\InstallerBootstrapper.csproj", "{D138CAA9-8DF8-4C19-99CF-100E0C4B9213}"
EndProject
Project("{2150E333-8FDC-42A3-9474-1A3956D46DE8}") = "app", "app", "{0702565F-9C98-683A-A789-0E8B8A742485}"
EndProject
Project("{FAE04EC0-301F-11D3-BF4B-00C04F79EFBC}") = "PCWaechter.Updater", "apps\updater\app\PCWaechter.Updater.csproj", "{8C23901E-A18A-4A4A-840D-2742870728C7}"
EndProject
Global
	GlobalSection(SolutionConfigurationPlatforms) = preSolution
		Debug|Any CPU = Debug|Any CPU
		Debug|x64 = Debug|x64
		Debug|x86 = Debug|x86
		Release|Any CPU = Release|Any CPU
		Release|x64 = Release|x64
		Release|x86 = Release|x86
	EndGlobalSection
	GlobalSection(ProjectConfigurationPlatforms) = postSolution
		{D7FD8DAC-E97D-4548-97B0-9E5820A8A222}.Debug|Any CPU.ActiveCfg = Debug|Any CPU
		{D7FD8DAC-E97D-4548-97B0-9E5820A8A222}.Debug|Any CPU.Build.0 = Debug|Any CPU
		{D7FD8DAC-E97D-4548-97B0-9E5820A8A222}.Debug|x64.ActiveCfg = Debug|Any CPU
		{D7FD8DAC-E97D-4548-97B0-9E5820A8A222}.Debug|x64.Build.0 = Debug|Any CPU
		{D7FD8DAC-E97D-4548-97B0-9E5820A8A222}.Debug|x86.ActiveCfg = Debug|Any CPU
		{D7FD8DAC-E97D-4548-97B0-9E5820A8A222}.Debug|x86.Build.0 = Debug|Any CPU
		{D7FD8DAC-E97D-4548-97B0-9E5820A8A222}.Release|Any CPU.ActiveCfg = Release|Any CPU
		{D7FD8DAC-E97D-4548-97B0-9E5820A8A222}.Release|Any CPU.Build.0 = Release|Any CPU
		{D7FD8DAC-E97D-4548-97B0-9E5820A8A222}.Release|x64.ActiveCfg = Release|Any CPU
		{D7FD8DAC-E97D-4548-97B0-9E5820A8A222}.Release|x64.Build.0 = Release|Any CPU
		{D7FD8DAC-E97D-4548-97B0-9E5820A8A222}.Release|x86.ActiveCfg = Release|Any CPU
		{D7FD8DAC-E97D-4548-97B0-9E5820A8A222}.Release|x86.Build.0 = Release|Any CPU
		{5380A6BA-0091-48BB-881B-B98F3AFF7745}.Debug|Any CPU.ActiveCfg = Debug|Any CPU
		{5380A6BA-0091-48BB-881B-B98F3AFF7745}.Debug|Any CPU.Build.0 = Debug|Any CPU
		{5380A6BA-0091-48BB-881B-B98F3AFF7745}.Debug|x64.ActiveCfg = Debug|Any CPU
		{5380A6BA-0091-48BB-881B-B98F3AFF7745}.Debug|x64.Build.0 = Debug|Any CPU
		{5380A6BA-0091-48BB-881B-B98F3AFF7745}.Debug|x86.ActiveCfg = Debug|Any CPU
		{5380A6BA-0091-48BB-881B-B98F3AFF7745}.Debug|x86.Build.0 = Debug|Any CPU
		{5380A6BA-0091-48BB-881B-B98F3AFF7745}.Release|Any CPU.ActiveCfg = Release|Any CPU
		{5380A6BA-0091-48BB-881B-B98F3AFF7745}.Release|Any CPU.Build.0 = Release|Any CPU
		{5380A6BA-0091-48BB-881B-B98F3AFF7745}.Release|x64.ActiveCfg = Release|Any CPU
		{5380A6BA-0091-48BB-881B-B98F3AFF7745}.Release|x64.Build.0 = Release|Any CPU
		{5380A6BA-0091-48BB-881B-B98F3AFF7745}.Release|x86.ActiveCfg = Release|Any CPU
		{5380A6BA-0091-48BB-881B-B98F3AFF7745}.Release|x86.Build.0 = Release|Any CPU
		{7384806B-7045-41CC-A77B-EE0A78F27743}.Debug|Any CPU.ActiveCfg = Debug|Any CPU
		{7384806B-7045-41CC-A77B-EE0A78F27743}.Debug|Any CPU.Build.0 = Debug|Any CPU
		{7384806B-7045-41CC-A77B-EE0A78F27743}.Debug|x64.ActiveCfg = Debug|Any CPU
		{7384806B-7045-41CC-A77B-EE0A78F27743}.Debug|x64.Build.0 = Debug|Any CPU
		{7384806B-7045-41CC-A77B-EE0A78F27743}.Debug|x86.ActiveCfg = Debug|Any CPU
		{7384806B-7045-41CC-A77B-EE0A78F27743}.Debug|x86.Build.0 = Debug|Any CPU
		{7384806B-7045-41CC-A77B-EE0A78F27743}.Release|Any CPU.ActiveCfg = Release|Any CPU
		{7384806B-7045-41CC-A77B-EE0A78F27743}.Release|Any CPU.Build.0 = Release|Any CPU
		{7384806B-7045-41CC-A77B-EE0A78F27743}.Release|x64.ActiveCfg = Release|Any CPU
		{7384806B-7045-41CC-A77B-EE0A78F27743}.Release|x64.Build.0 = Release|Any CPU
		{7384806B-7045-41CC-A77B-EE0A78F27743}.Release|x86.ActiveCfg = Release|Any CPU
		{7384806B-7045-41CC-A77B-EE0A78F27743}.Release|x86.Build.0 = Release|Any CPU
		{9A85838C-F51B-430D-B1EC-8F6365164512}.Debug|Any CPU.ActiveCfg = Debug|Any CPU
		{9A85838C-F51B-430D-B1EC-8F6365164512}.Debug|Any CPU.Build.0 = Debug|Any CPU
		{9A85838C-F51B-430D-B1EC-8F6365164512}.Debug|x64.ActiveCfg = Debug|Any CPU
		{9A85838C-F51B-430D-B1EC-8F6365164512}.Debug|x64.Build.0 = Debug|Any CPU
		{9A85838C-F51B-430D-B1EC-8F6365164512}.Debug|x86.ActiveCfg = Debug|Any CPU
		{9A85838C-F51B-430D-B1EC-8F6365164512}.Debug|x86.Build.0 = Debug|Any CPU
		{9A85838C-F51B-430D-B1EC-8F6365164512}.Release|Any CPU.ActiveCfg = Release|Any CPU
		{9A85838C-F51B-430D-B1EC-8F6365164512}.Release|Any CPU.Build.0 = Release|Any CPU
		{9A85838C-F51B-430D-B1EC-8F6365164512}.Release|x64.ActiveCfg = Release|Any CPU
		{9A85838C-F51B-430D-B1EC-8F6365164512}.Release|x64.Build.0 = Release|Any CPU
		{9A85838C-F51B-430D-B1EC-8F6365164512}.Release|x86.ActiveCfg = Release|Any CPU
		{9A85838C-F51B-430D-B1EC-8F6365164512}.Release|x86.Build.0 = Release|Any CPU
		{D138CAA9-8DF8-4C19-99CF-100E0C4B9213}.Debug|Any CPU.ActiveCfg = Debug|Any CPU
		{D138CAA9-8DF8-4C19-99CF-100E0C4B9213}.Debug|Any CPU.Build.0 = Debug|Any CPU
		{D138CAA9-8DF8-4C19-99CF-100E0C4B9213}.Debug|x64.ActiveCfg = Debug|Any CPU
		{D138CAA9-8DF8-4C19-99CF-100E0C4B9213}.Debug|x64.Build.0 = Debug|Any CPU
		{D138CAA9-8DF8-4C19-99CF-100E0C4B9213}.Debug|x86.ActiveCfg = Debug|Any CPU
		{D138CAA9-8DF8-4C19-99CF-100E0C4B9213}.Debug|x86.Build.0 = Debug|Any CPU
		{D138CAA9-8DF8-4C19-99CF-100E0C4B9213}.Release|Any CPU.ActiveCfg = Release|Any CPU
		{D138CAA9-8DF8-4C19-99CF-100E0C4B9213}.Release|Any CPU.Build.0 = Release|Any CPU
		{D138CAA9-8DF8-4C19-99CF-100E0C4B9213}.Release|x64.ActiveCfg = Release|Any CPU
		{D138CAA9-8DF8-4C19-99CF-100E0C4B9213}.Release|x64.Build.0 = Release|Any CPU
		{D138CAA9-8DF8-4C19-99CF-100E0C4B9213}.Release|x86.ActiveCfg = Release|Any CPU
		{D138CAA9-8DF8-4C19-99CF-100E0C4B9213}.Release|x86.Build.0 = Release|Any CPU
		{8C23901E-A18A-4A4A-840D-2742870728C7}.Debug|Any CPU.ActiveCfg = Debug|Any CPU
		{8C23901E-A18A-4A4A-840D-2742870728C7}.Debug|Any CPU.Build.0 = Debug|Any CPU
		{8C23901E-A18A-4A4A-840D-2742870728C7}.Debug|x64.ActiveCfg = Debug|Any CPU
		{8C23901E-A18A-4A4A-840D-2742870728C7}.Debug|x64.Build.0 = Debug|Any CPU
		{8C23901E-A18A-4A4A-840D-2742870728C7}.Debug|x86.ActiveCfg = Debug|Any CPU
		{8C23901E-A18A-4A4A-840D-2742870728C7}.Debug|x86.Build.0 = Debug|Any CPU
		{8C23901E-A18A-4A4A-840D-2742870728C7}.Release|Any CPU.ActiveCfg = Release|Any CPU
		{8C23901E-A18A-4A4A-840D-2742870728C7}.Release|Any CPU.Build.0 = Release|Any CPU
		{8C23901E-A18A-4A4A-840D-2742870728C7}.Release|x64.ActiveCfg = Release|Any CPU
		{8C23901E-A18A-4A4A-840D-2742870728C7}.Release|x64.Build.0 = Release|Any CPU
		{8C23901E-A18A-4A4A-840D-2742870728C7}.Release|x86.ActiveCfg = Release|Any CPU
		{8C23901E-A18A-4A4A-840D-2742870728C7}.Release|x86.Build.0 = Release|Any CPU
	EndGlobalSection
	GlobalSection(SolutionProperties) = preSolution
		HideSolutionNode = FALSE
	EndGlobalSection
	GlobalSection(NestedProjects) = preSolution
		{BEEBFA7C-7F97-CB0F-CEE6-EE38567484E9} = {1787FE1D-075E-9E68-7218-25F1BD1BBEAB}
		{D7FD8DAC-E97D-4548-97B0-9E5820A8A222} = {BEEBFA7C-7F97-CB0F-CEE6-EE38567484E9}
		{B09F317F-AE18-F3CB-ED30-7E3598C5855A} = {1787FE1D-075E-9E68-7218-25F1BD1BBEAB}
		{41E9320C-10C9-B11C-2FDE-B9F11079CC6B} = {B09F317F-AE18-F3CB-ED30-7E3598C5855A}
		{5380A6BA-0091-48BB-881B-B98F3AFF7745} = {41E9320C-10C9-B11C-2FDE-B9F11079CC6B}
		{9A413962-4912-3FCC-6B55-E6E39B50064A} = {1787FE1D-075E-9E68-7218-25F1BD1BBEAB}
		{7384806B-7045-41CC-A77B-EE0A78F27743} = {9A413962-4912-3FCC-6B55-E6E39B50064A}
		{63F81D7F-3FBF-B746-3CCC-18C5EC63BE1D} = {1787FE1D-075E-9E68-7218-25F1BD1BBEAB}
		{9A85838C-F51B-430D-B1EC-8F6365164512} = {63F81D7F-3FBF-B746-3CCC-18C5EC63BE1D}
		{D5910D0E-B52A-BF0E-6BB2-731D8D70366B} = {1860D2E4-5C43-71D5-59A5-599A4DE1DF67}
		{D138CAA9-8DF8-4C19-99CF-100E0C4B9213} = {D5910D0E-B52A-BF0E-6BB2-731D8D70366B}
		{0702565F-9C98-683A-A789-0E8B8A742485} = {B09F317F-AE18-F3CB-ED30-7E3598C5855A}
		{8C23901E-A18A-4A4A-840D-2742870728C7} = {0702565F-9C98-683A-A789-0E8B8A742485}
	EndGlobalSection
EndGlobal
